{
  "name": "DM2008-Final-Project",
  "lockfileVersion": 3,
  "requires": true,
  "packages": {
    "": {
      "dependencies": {
        "@vercel/edge": "^0.1.2",
        "animate.css": "^4.1.1"
      }
    },
    "node_modules/@vercel/edge": {
      "version": "0.1.2",
      "resolved": "https://registry.npmjs.org/@vercel/edge/-/edge-0.1.2.tgz",
      "integrity": "sha512-NmoJ4JvF2/LxU8e8fRJcxaMrO9A8a2WmW6CO9GEomlDltlREyQTUWMk13BuCDDpXUPcSBDrZ2TJIoWiFQEI4sg=="
    },
    "node_modules/animate.css": {
      "version": "4.1.1",
      "resolved": "https://registry.npmjs.org/animate.css/-/animate.css-4.1.1.tgz",
      "integrity": "sha512-+mRmCTv6SbCmtYJCN4faJMNFVNN5EuCTTprDTAo7YzIGji2KADmakjVA3+8mVDkZ2Bf09vayB35lSQIex2+QaQ=="
    }
  }
}
